data-download:
  cmd: kaggle competitions download -c nlp-getting-started && unzip nlp-getting-started.zip
    -d raw
  outs:
  - path: raw
    md5: fe35f77a115791e82129d337de5eda94.dir
data-split:
  cmd: python data_split.py
  deps:
  - path: data_split.py
    md5: 4f934f1756c0d3c5b864690502f03ab2
  - path: raw/train.csv
    md5: f147942c91d00d754503775341d13682
  outs:
  - path: data
    md5: 4fb56f3016ff616d6ac42518fe62fa26.dir
training:
  cmd: papermill bert_fine_tuning_training.ipynb bert_fine_tuning_training.ipynb
  deps:
  - path: bert_fine_tuning_training.ipynb
    md5: ebeb1e4ba6a9615d000ec71dbd78fab5
  - path: data
    md5: 4fb56f3016ff616d6ac42518fe62fa26.dir
  params:
    params.yaml:
      batch_size: 32
      lr: 1e-05
      n_epochs: 5
  outs:
  - path: test_metrics.json
    md5: 4846dce6193c56be843aa160e8617ff9
  - path: train_metrics.json
    md5: f5d8967ed5758345aac546e7fe372810
  - path: val_metrics.json
    md5: cbab99c8e20e17ba53be404519efcec0
